
Microsoft Visual Studio Solution File, Format Version 12.00
# Visual Studio Version 17
VisualStudioVersion = 17.10.35013.160
MinimumVisualStudioVersion = 10.0.40219.1
Project("{FAE04EC0-301F-11D3-BF4B-00C04F79EFBC}") = "InventoryManagementSystem.Domain", "InventoryManagementSystem.Domain\InventoryManagementSystem.Domain.csproj", "{9591CD97-2E1E-44A9-8C1A-E0DE322B826C}"
EndProject
Project("{FAE04EC0-301F-11D3-BF4B-00C04F79EFBC}") = "InventoryManagementSystem.Infrastructure", "InventoryManagementSystem.Infrastructure\InventoryManagementSystem.Infrastructure.csproj", "{BD353323-7B7B-4669-8927-6BEF2144CFA3}"
EndProject
Project("{FAE04EC0-301F-11D3-BF4B-00C04F79EFBC}") = "InventoryManagementSystem.WinForms", "InventoryManagementSystem.WinForms\InventoryManagementSystem.WinForms.csproj", "{0B978BCC-D938-47D9-A4F8-9C0F6C1C9015}"
EndProject
Global
	GlobalSection(SolutionConfigurationPlatforms) = preSolution
		Debug|Any CPU = Debug|Any CPU
		Release|Any CPU = Release|Any CPU
	EndGlobalSection
	GlobalSection(ProjectConfigurationPlatforms) = postSolution
		{9591CD97-2E1E-44A9-8C1A-E0DE322B826C}.Debug|Any CPU.ActiveCfg = Debug|Any CPU
		{9591CD97-2E1E-44A9-8C1A-E0DE322B826C}.Debug|Any CPU.Build.0 = Debug|Any CPU
		{9591CD97-2E1E-44A9-8C1A-E0DE322B826C}.Release|Any CPU.ActiveCfg = Release|Any CPU
		{9591CD97-2E1E-44A9-8C1A-E0DE322B826C}.Release|Any CPU.Build.0 = Release|Any CPU
		{BD353323-7B7B-4669-8927-6BEF2144CFA3}.Debug|Any CPU.ActiveCfg = Debug|Any CPU
		{BD353323-7B7B-4669-8927-6BEF2144CFA3}.Debug|Any CPU.Build.0 = Debug|Any CPU
		{BD353323-7B7B-4669-8927-6BEF2144CFA3}.Release|Any CPU.ActiveCfg = Release|Any CPU
		{BD353323-7B7B-4669-8927-6BEF2144CFA3}.Release|Any CPU.Build.0 = Release|Any CPU
		{0B978BCC-D938-47D9-A4F8-9C0F6C1C9015}.Debug|Any CPU.ActiveCfg = Debug|Any CPU
		{0B978BCC-D938-47D9-A4F8-9C0F6C1C9015}.Debug|Any CPU.Build.0 = Debug|Any CPU
		{0B978BCC-D938-47D9-A4F8-9C0F6C1C9015}.Release|Any CPU.ActiveCfg = Release|Any CPU
		{0B978BCC-D938-47D9-A4F8-9C0F6C1C9015}.Release|Any CPU.Build.0 = Release|Any CPU
	EndGlobalSection
	GlobalSection(SolutionProperties) = preSolution
		HideSolutionNode = FALSE
	EndGlobalSection
	GlobalSection(ExtensibilityGlobals) = postSolution
		SolutionGuid = {25246756-1A0F-444F-BA17-EA894EF5D8D5}
	EndGlobalSection
EndGlobal
